
Microsoft Visual Studio Solution File, Format Version 12.00
# Visual Studio Version 17
VisualStudioVersion = 17.14.36408.4 d17.14
MinimumVisualStudioVersion = 10.0.40219.1
Project("{FAE04EC0-301F-11D3-BF4B-00C04F79EFBC}") = "Degisken1", "Degisken1\Degisken1.csproj", "{4A2F1632-8C77-4EEE-A432-8C2470B52751}"
EndProject
Global
	GlobalSection(SolutionConfigurationPlatforms) = preSolution
		Debug|Any CPU = Debug|Any CPU
		Release|Any CPU = Release|Any CPU
	EndGlobalSection
	GlobalSection(ProjectConfigurationPlatforms) = postSolution
		{4A2F1632-8C77-4EEE-A432-8C2470B52751}.Debug|Any CPU.ActiveCfg = Debug|Any CPU
		{4A2F1632-8C77-4EEE-A432-8C2470B52751}.Debug|Any CPU.Build.0 = Debug|Any CPU
		{4A2F1632-8C77-4EEE-A432-8C2470B52751}.Release|Any CPU.ActiveCfg = Release|Any CPU
		{4A2F1632-8C77-4EEE-A432-8C2470B52751}.Release|Any CPU.Build.0 = Release|Any CPU
	EndGlobalSection
	GlobalSection(SolutionProperties) = preSolution
		HideSolutionNode = FALSE
	EndGlobalSection
	GlobalSection(ExtensibilityGlobals) = postSolution
		SolutionGuid = {18CD13A1-30A1-4271-9775-13F549F35A70}
	EndGlobalSection
EndGlobal
